// !$*UTF8*$!
{
	archiveVersion = 1;
	classes = {
	};
	objectVersion = 55;
	objects = {

/* Begin PBXBuildFile section */
		A17FEA9E28A7F0046755DDCE /* Pods_RunningCrew.framework in Frameworks */ = {isa = PBXBuildFile; fileRef = 65D82C19D66319609FF717AF /* Pods_RunningCrew.framework */; };
		BE54B0E029E2A28800FAF893 /* MyPageCalendarView.swift in Sources */ = {isa = PBXBuildFile; fileRef = BE54B0DF29E2A28800FAF893 /* MyPageCalendarView.swift */; };
		BEAB40F229E302A000F2130F /* MyPageCalendarViewController.swift in Sources */ = {isa = PBXBuildFile; fileRef = BEAB40F129E302A000F2130F /* MyPageCalendarViewController.swift */; };
		BEE5E4DB29DFE41200A49FC5 /* MyPageMyRunningViewController.swift in Sources */ = {isa = PBXBuildFile; fileRef = BEE5E4DA29DFE41200A49FC5 /* MyPageMyRunningViewController.swift */; };
		BEEAFDD52A04E27B00A06954 /* MyRunningCollectionView.swift in Sources */ = {isa = PBXBuildFile; fileRef = BEEAFDD42A04E27B00A06954 /* MyRunningCollectionView.swift */; };
		BEEAFDD72A04E86100A06954 /* MyPageMyRunningCollectionViewCell.swift in Sources */ = {isa = PBXBuildFile; fileRef = BEEAFDD62A04E86100A06954 /* MyPageMyRunningCollectionViewCell.swift */; };
		C7211E3129B9664D00ADA90C /* UIViewController+.swift in Sources */ = {isa = PBXBuildFile; fileRef = C7211E3029B9664D00ADA90C /* UIViewController+.swift */; };
		C7211E3529B9721E00ADA90C /* AddImageCollectionViewCell.swift in Sources */ = {isa = PBXBuildFile; fileRef = C7211E3329B9721E00ADA90C /* AddImageCollectionViewCell.swift */; };
		C7211E3629B9721E00ADA90C /* AddImageCollectionViewCell.xib in Resources */ = {isa = PBXBuildFile; fileRef = C7211E3429B9721E00ADA90C /* AddImageCollectionViewCell.xib */; };
		C7211E3A29B9EA9700ADA90C /* ImageCollectionViewCell.swift in Sources */ = {isa = PBXBuildFile; fileRef = C7211E3829B9EA9700ADA90C /* ImageCollectionViewCell.swift */; };
		C7211E3B29B9EA9700ADA90C /* ImageCollectionViewCell.xib in Resources */ = {isa = PBXBuildFile; fileRef = C7211E3929B9EA9700ADA90C /* ImageCollectionViewCell.xib */; };
		C751527929B27038003D8987 /* UIImage+.swift in Sources */ = {isa = PBXBuildFile; fileRef = C751527829B27038003D8987 /* UIImage+.swift */; };
		C751527C29B34224003D8987 /* RecordViewModel.swift in Sources */ = {isa = PBXBuildFile; fileRef = C751527B29B34224003D8987 /* RecordViewModel.swift */; };
		C751528029B79981003D8987 /* SaveRecordRunningViewController.swift in Sources */ = {isa = PBXBuildFile; fileRef = C751527E29B79981003D8987 /* SaveRecordRunningViewController.swift */; };
		C751528129B79981003D8987 /* SaveRecordRunningViewController.xib in Resources */ = {isa = PBXBuildFile; fileRef = C751527F29B79981003D8987 /* SaveRecordRunningViewController.xib */; };
		C75DECF729ABB3AF00A4EC47 /* GoalSettingViewController.swift in Sources */ = {isa = PBXBuildFile; fileRef = C75DECF629ABB3AF00A4EC47 /* GoalSettingViewController.swift */; };
		C75DECFA29AE7E7D00A4EC47 /* RecordViewController.swift in Sources */ = {isa = PBXBuildFile; fileRef = C75DECF829AE7E7D00A4EC47 /* RecordViewController.swift */; };
		C75DECFB29AE7E7D00A4EC47 /* RecordViewController.xib in Resources */ = {isa = PBXBuildFile; fileRef = C75DECF929AE7E7D00A4EC47 /* RecordViewController.xib */; };
		C7663E5329A4BFB70046068B /* RunningStartViewController.swift in Sources */ = {isa = PBXBuildFile; fileRef = C7663E5229A4BFB70046068B /* RunningStartViewController.swift */; };
		C7663E7B29A9F1260046068B /* GoalTextField.swift in Sources */ = {isa = PBXBuildFile; fileRef = C7663E7A29A9F1260046068B /* GoalTextField.swift */; };
		C7663E7D29AA125B0046068B /* GoalSettingStackView.swift in Sources */ = {isa = PBXBuildFile; fileRef = C7663E7C29AA125B0046068B /* GoalSettingStackView.swift */; };
		C7663E8129ABA5720046068B /* GoalSettingLabelStackView.swift in Sources */ = {isa = PBXBuildFile; fileRef = C7663E8029ABA5720046068B /* GoalSettingLabelStackView.swift */; };
		C7670EE82995460800E3CD77 /* AppDelegate.swift in Sources */ = {isa = PBXBuildFile; fileRef = C7670EE72995460800E3CD77 /* AppDelegate.swift */; };
		C7670EEA2995460800E3CD77 /* SceneDelegate.swift in Sources */ = {isa = PBXBuildFile; fileRef = C7670EE92995460800E3CD77 /* SceneDelegate.swift */; };
		C7670EF12995460900E3CD77 /* Assets.xcassets in Resources */ = {isa = PBXBuildFile; fileRef = C7670EF02995460900E3CD77 /* Assets.xcassets */; };
		C7670EFF2995460900E3CD77 /* RunningCrewTests.swift in Sources */ = {isa = PBXBuildFile; fileRef = C7670EFE2995460900E3CD77 /* RunningCrewTests.swift */; };
		C7670F092995460900E3CD77 /* RunningCrewUITests.swift in Sources */ = {isa = PBXBuildFile; fileRef = C7670F082995460900E3CD77 /* RunningCrewUITests.swift */; };
		C7670F0B2995460900E3CD77 /* RunningCrewUITestsLaunchTests.swift in Sources */ = {isa = PBXBuildFile; fileRef = C7670F0A2995460900E3CD77 /* RunningCrewUITestsLaunchTests.swift */; };
		C7811F6F29A0F51E00801E6B /* MyRunningCollectionViewCell.swift in Sources */ = {isa = PBXBuildFile; fileRef = C7811F6D29A0F51E00801E6B /* MyRunningCollectionViewCell.swift */; };
		C7811F7029A0F51E00801E6B /* MyRunningCollectionViewCell.xib in Resources */ = {isa = PBXBuildFile; fileRef = C7811F6E29A0F51E00801E6B /* MyRunningCollectionViewCell.xib */; };
		C7811F7429A201B700801E6B /* DotView.swift in Sources */ = {isa = PBXBuildFile; fileRef = C7811F7329A201B700801E6B /* DotView.swift */; };
		C7A1F21629BA1194009AE7BA /* CustomAlertViewController.swift in Sources */ = {isa = PBXBuildFile; fileRef = C7A1F21429BA1194009AE7BA /* CustomAlertViewController.swift */; };
		C7A1F21729BA1194009AE7BA /* CustomAlertViewController.xib in Resources */ = {isa = PBXBuildFile; fileRef = C7A1F21529BA1194009AE7BA /* CustomAlertViewController.xib */; };
		C7A1F21929BA385A009AE7BA /* UIView+.swift in Sources */ = {isa = PBXBuildFile; fileRef = C7A1F21829BA385A009AE7BA /* UIView+.swift */; };
		C7A4CE5429BC2135000DAE8B /* ImagePickerViewController.swift in Sources */ = {isa = PBXBuildFile; fileRef = C7A4CE5229BC2135000DAE8B /* ImagePickerViewController.swift */; };
		C7A4CE5529BC2135000DAE8B /* ImagePickerViewController.xib in Resources */ = {isa = PBXBuildFile; fileRef = C7A4CE5329BC2135000DAE8B /* ImagePickerViewController.xib */; };
		C7A4CE5D29BCAC2C000DAE8B /* ImagePickerCollectionViewCell.swift in Sources */ = {isa = PBXBuildFile; fileRef = C7A4CE5B29BCAC2C000DAE8B /* ImagePickerCollectionViewCell.swift */; };
		C7A4CE5E29BCAC2C000DAE8B /* ImagePickerCollectionViewCell.xib in Resources */ = {isa = PBXBuildFile; fileRef = C7A4CE5C29BCAC2C000DAE8B /* ImagePickerCollectionViewCell.xib */; };
		C7BA067C29A25AF100D2227A /* NotoSansKR-Bold.otf in Resources */ = {isa = PBXBuildFile; fileRef = C7BA067B29A25AF100D2227A /* NotoSansKR-Bold.otf */; };
		C7BA067E29A25B6B00D2227A /* NotoSansKR-Medium.otf in Resources */ = {isa = PBXBuildFile; fileRef = C7BA067D29A25B6B00D2227A /* NotoSansKR-Medium.otf */; };
		C7D5FB6B29C829ED00F54568 /* .swiftlint.yml in Resources */ = {isa = PBXBuildFile; fileRef = C7D5FB6A29C829ED00F54568 /* .swiftlint.yml */; };
		C7DE67F32998DFC200C824A9 /* Coordinator.swift in Sources */ = {isa = PBXBuildFile; fileRef = C7DE67F22998DFC200C824A9 /* Coordinator.swift */; };
		C7DE67F62998E4D300C824A9 /* TabBarCoordinator.swift in Sources */ = {isa = PBXBuildFile; fileRef = C7DE67F52998E4D300C824A9 /* TabBarCoordinator.swift */; };
		C7DE67F929992A2C00C824A9 /* RecordRunningViewController.swift in Sources */ = {isa = PBXBuildFile; fileRef = C7DE67F829992A2C00C824A9 /* RecordRunningViewController.swift */; };
		C7DE67FB29992A5E00C824A9 /* TabBarItem.swift in Sources */ = {isa = PBXBuildFile; fileRef = C7DE67FA29992A5E00C824A9 /* TabBarItem.swift */; };
		C7DE67FD2999301800C824A9 /* RecordRunningCoordinator.swift in Sources */ = {isa = PBXBuildFile; fileRef = C7DE67FC2999301800C824A9 /* RecordRunningCoordinator.swift */; };
		C7DE68022999376800C824A9 /* MyPageViewController.swift in Sources */ = {isa = PBXBuildFile; fileRef = C7DE68012999376800C824A9 /* MyPageViewController.swift */; };
		C7DE68042999377800C824A9 /* AlarmViewController.swift in Sources */ = {isa = PBXBuildFile; fileRef = C7DE68032999377800C824A9 /* AlarmViewController.swift */; };
		C7DE68062999378300C824A9 /* CrewViewController.swift in Sources */ = {isa = PBXBuildFile; fileRef = C7DE68052999378300C824A9 /* CrewViewController.swift */; };
		C7DE680C299939E800C824A9 /* CrewCoordinator.swift in Sources */ = {isa = PBXBuildFile; fileRef = C7DE680B299939E800C824A9 /* CrewCoordinator.swift */; };
		C7DE680E29993A5400C824A9 /* AlarmCoordinator.swift in Sources */ = {isa = PBXBuildFile; fileRef = C7DE680D29993A5400C824A9 /* AlarmCoordinator.swift */; };
		C7DE681029993A7000C824A9 /* MyPageCoordinator.swift in Sources */ = {isa = PBXBuildFile; fileRef = C7DE680F29993A7000C824A9 /* MyPageCoordinator.swift */; };
		C7DE681C299A84B500C824A9 /* Launch Screen.storyboard in Resources */ = {isa = PBXBuildFile; fileRef = C7DE681B299A84B500C824A9 /* Launch Screen.storyboard */; };
		C7DE6822299A858300C824A9 /* CustomTabBar.swift in Sources */ = {isa = PBXBuildFile; fileRef = C7DE6821299A858300C824A9 /* CustomTabBar.swift */; };
		C7DE6825299A85DF00C824A9 /* Color+.swift in Sources */ = {isa = PBXBuildFile; fileRef = C7DE6824299A85DF00C824A9 /* Color+.swift */; };
		C7DE682C299B934800C824A9 /* RunningButton.swift in Sources */ = {isa = PBXBuildFile; fileRef = C7DE682B299B934800C824A9 /* RunningButton.swift */; };
		C7DE682E299BD61300C824A9 /* LocationButton.swift in Sources */ = {isa = PBXBuildFile; fileRef = C7DE682D299BD61300C824A9 /* LocationButton.swift */; };
		C7DE6834299CF15F00C824A9 /* CustomMenuBar.swift in Sources */ = {isa = PBXBuildFile; fileRef = C7DE6833299CF15F00C824A9 /* CustomMenuBar.swift */; };
		C7DE683A299D1A1C00C824A9 /* CustomTopTabBarController.swift in Sources */ = {isa = PBXBuildFile; fileRef = C7DE6839299D1A1C00C824A9 /* CustomTopTabBarController.swift */; };
		C7DE683D299D272A00C824A9 /* MenuBarCell.swift in Sources */ = {isa = PBXBuildFile; fileRef = C7DE683C299D272A00C824A9 /* MenuBarCell.swift */; };
		C7DE683F299E58CA00C824A9 /* CrewAlarmViewController.swift in Sources */ = {isa = PBXBuildFile; fileRef = C7DE683E299E58CA00C824A9 /* CrewAlarmViewController.swift */; };
		C7DE6841299E590D00C824A9 /* MyRunningViewController.swift in Sources */ = {isa = PBXBuildFile; fileRef = C7DE6840299E590D00C824A9 /* MyRunningViewController.swift */; };
		C7DE6848299FD4AC00C824A9 /* CrewAlarmTableViewCell.swift in Sources */ = {isa = PBXBuildFile; fileRef = C7DE6846299FD4AC00C824A9 /* CrewAlarmTableViewCell.swift */; };
		C7DE6849299FD4AC00C824A9 /* CrewAlarmTableViewCell.xib in Resources */ = {isa = PBXBuildFile; fileRef = C7DE6847299FD4AC00C824A9 /* CrewAlarmTableViewCell.xib */; };
		C7E00A1C29C1AF8D00B39709 /* ImagePickerViewModel.swift in Sources */ = {isa = PBXBuildFile; fileRef = C7E00A1B29C1AF8D00B39709 /* ImagePickerViewModel.swift */; };
		C7E00A2329C36F4900B39709 /* CameraCollectionViewCell.swift in Sources */ = {isa = PBXBuildFile; fileRef = C7E00A2129C36F4900B39709 /* CameraCollectionViewCell.swift */; };
		C7E00A2429C36F4900B39709 /* CameraCollectionViewCell.xib in Resources */ = {isa = PBXBuildFile; fileRef = C7E00A2229C36F4900B39709 /* CameraCollectionViewCell.xib */; };
		C7F95B2E29AF803200C69D1B /* RunningStartViewModel.swift in Sources */ = {isa = PBXBuildFile; fileRef = C7F95B2D29AF803200C69D1B /* RunningStartViewModel.swift */; };
		D8FCCC736C08611D78F2F5DA /* Pods_RunningCrew_RunningCrewUITests.framework in Frameworks */ = {isa = PBXBuildFile; fileRef = 49645AC81E6AA34CA37B1351 /* Pods_RunningCrew_RunningCrewUITests.framework */; };
		E912946796E36DF3B40E1925 /* Pods_RunningCrewTests.framework in Frameworks */ = {isa = PBXBuildFile; fileRef = B83D40D954F061F36AABF30C /* Pods_RunningCrewTests.framework */; };
/* End PBXBuildFile section */

/* Begin PBXContainerItemProxy section */
		C7670EFB2995460900E3CD77 /* PBXContainerItemProxy */ = {
			isa = PBXContainerItemProxy;
			containerPortal = C7670EDC2995460800E3CD77 /* Project object */;
			proxyType = 1;
			remoteGlobalIDString = C7670EE32995460800E3CD77;
			remoteInfo = RunningCrew;
		};
		C7670F052995460900E3CD77 /* PBXContainerItemProxy */ = {
			isa = PBXContainerItemProxy;
			containerPortal = C7670EDC2995460800E3CD77 /* Project object */;
			proxyType = 1;
			remoteGlobalIDString = C7670EE32995460800E3CD77;
			remoteInfo = RunningCrew;
		};
/* End PBXContainerItemProxy section */

/* Begin PBXFileReference section */
		03C919EEFAB1F2E8071FD34F /* Pods-RunningCrew-RunningCrewUITests.release.xcconfig */ = {isa = PBXFileReference; includeInIndex = 1; lastKnownFileType = text.xcconfig; name = "Pods-RunningCrew-RunningCrewUITests.release.xcconfig"; path = "Target Support Files/Pods-RunningCrew-RunningCrewUITests/Pods-RunningCrew-RunningCrewUITests.release.xcconfig"; sourceTree = "<group>"; };
		444E77919FDC0F8D936ECE3D /* Pods-RunningCrewTests.debug.xcconfig */ = {isa = PBXFileReference; includeInIndex = 1; lastKnownFileType = text.xcconfig; name = "Pods-RunningCrewTests.debug.xcconfig"; path = "Target Support Files/Pods-RunningCrewTests/Pods-RunningCrewTests.debug.xcconfig"; sourceTree = "<group>"; };
		49645AC81E6AA34CA37B1351 /* Pods_RunningCrew_RunningCrewUITests.framework */ = {isa = PBXFileReference; explicitFileType = wrapper.framework; includeInIndex = 0; path = Pods_RunningCrew_RunningCrewUITests.framework; sourceTree = BUILT_PRODUCTS_DIR; };
		65D82C19D66319609FF717AF /* Pods_RunningCrew.framework */ = {isa = PBXFileReference; explicitFileType = wrapper.framework; includeInIndex = 0; path = Pods_RunningCrew.framework; sourceTree = BUILT_PRODUCTS_DIR; };
		7D992A5C10CA9AF1EAAE9D5A /* Pods-RunningCrew.debug.xcconfig */ = {isa = PBXFileReference; includeInIndex = 1; lastKnownFileType = text.xcconfig; name = "Pods-RunningCrew.debug.xcconfig"; path = "Target Support Files/Pods-RunningCrew/Pods-RunningCrew.debug.xcconfig"; sourceTree = "<group>"; };
		B83D40D954F061F36AABF30C /* Pods_RunningCrewTests.framework */ = {isa = PBXFileReference; explicitFileType = wrapper.framework; includeInIndex = 0; path = Pods_RunningCrewTests.framework; sourceTree = BUILT_PRODUCTS_DIR; };
		BE54B0DF29E2A28800FAF893 /* MyPageCalendarView.swift */ = {isa = PBXFileReference; lastKnownFileType = sourcecode.swift; path = MyPageCalendarView.swift; sourceTree = "<group>"; };
		BEAB40F129E302A000F2130F /* MyPageCalendarViewController.swift */ = {isa = PBXFileReference; lastKnownFileType = sourcecode.swift; path = MyPageCalendarViewController.swift; sourceTree = "<group>"; };
		BEE5E4DA29DFE41200A49FC5 /* MyPageMyRunningViewController.swift */ = {isa = PBXFileReference; lastKnownFileType = sourcecode.swift; path = MyPageMyRunningViewController.swift; sourceTree = "<group>"; };
		BEEAFDD42A04E27B00A06954 /* MyRunningCollectionView.swift */ = {isa = PBXFileReference; lastKnownFileType = sourcecode.swift; path = MyRunningCollectionView.swift; sourceTree = "<group>"; };
		BEEAFDD62A04E86100A06954 /* MyPageMyRunningCollectionViewCell.swift */ = {isa = PBXFileReference; lastKnownFileType = sourcecode.swift; path = MyPageMyRunningCollectionViewCell.swift; sourceTree = "<group>"; };
		C4430C2AE358A87631BAC200 /* Pods-RunningCrew-RunningCrewUITests.debug.xcconfig */ = {isa = PBXFileReference; includeInIndex = 1; lastKnownFileType = text.xcconfig; name = "Pods-RunningCrew-RunningCrewUITests.debug.xcconfig"; path = "Target Support Files/Pods-RunningCrew-RunningCrewUITests/Pods-RunningCrew-RunningCrewUITests.debug.xcconfig"; sourceTree = "<group>"; };
		C7211E3029B9664D00ADA90C /* UIViewController+.swift */ = {isa = PBXFileReference; lastKnownFileType = sourcecode.swift; path = "UIViewController+.swift"; sourceTree = "<group>"; };
		C7211E3329B9721E00ADA90C /* AddImageCollectionViewCell.swift */ = {isa = PBXFileReference; lastKnownFileType = sourcecode.swift; path = AddImageCollectionViewCell.swift; sourceTree = "<group>"; };
		C7211E3429B9721E00ADA90C /* AddImageCollectionViewCell.xib */ = {isa = PBXFileReference; lastKnownFileType = file.xib; path = AddImageCollectionViewCell.xib; sourceTree = "<group>"; };
		C7211E3829B9EA9700ADA90C /* ImageCollectionViewCell.swift */ = {isa = PBXFileReference; lastKnownFileType = sourcecode.swift; path = ImageCollectionViewCell.swift; sourceTree = "<group>"; };
		C7211E3929B9EA9700ADA90C /* ImageCollectionViewCell.xib */ = {isa = PBXFileReference; lastKnownFileType = file.xib; path = ImageCollectionViewCell.xib; sourceTree = "<group>"; };
		C751527829B27038003D8987 /* UIImage+.swift */ = {isa = PBXFileReference; lastKnownFileType = sourcecode.swift; path = "UIImage+.swift"; sourceTree = "<group>"; };
		C751527B29B34224003D8987 /* RecordViewModel.swift */ = {isa = PBXFileReference; lastKnownFileType = sourcecode.swift; path = RecordViewModel.swift; sourceTree = "<group>"; };
		C751527E29B79981003D8987 /* SaveRecordRunningViewController.swift */ = {isa = PBXFileReference; lastKnownFileType = sourcecode.swift; path = SaveRecordRunningViewController.swift; sourceTree = "<group>"; };
		C751527F29B79981003D8987 /* SaveRecordRunningViewController.xib */ = {isa = PBXFileReference; lastKnownFileType = file.xib; path = SaveRecordRunningViewController.xib; sourceTree = "<group>"; };
		C75DECF629ABB3AF00A4EC47 /* GoalSettingViewController.swift */ = {isa = PBXFileReference; lastKnownFileType = sourcecode.swift; path = GoalSettingViewController.swift; sourceTree = "<group>"; };
		C75DECF829AE7E7D00A4EC47 /* RecordViewController.swift */ = {isa = PBXFileReference; lastKnownFileType = sourcecode.swift; path = RecordViewController.swift; sourceTree = "<group>"; };
		C75DECF929AE7E7D00A4EC47 /* RecordViewController.xib */ = {isa = PBXFileReference; lastKnownFileType = file.xib; path = RecordViewController.xib; sourceTree = "<group>"; };
		C7663E5229A4BFB70046068B /* RunningStartViewController.swift */ = {isa = PBXFileReference; lastKnownFileType = sourcecode.swift; path = RunningStartViewController.swift; sourceTree = "<group>"; };
		C7663E7A29A9F1260046068B /* GoalTextField.swift */ = {isa = PBXFileReference; lastKnownFileType = sourcecode.swift; path = GoalTextField.swift; sourceTree = "<group>"; };
		C7663E7C29AA125B0046068B /* GoalSettingStackView.swift */ = {isa = PBXFileReference; lastKnownFileType = sourcecode.swift; path = GoalSettingStackView.swift; sourceTree = "<group>"; };
		C7663E8029ABA5720046068B /* GoalSettingLabelStackView.swift */ = {isa = PBXFileReference; lastKnownFileType = sourcecode.swift; path = GoalSettingLabelStackView.swift; sourceTree = "<group>"; };
		C7670EE42995460800E3CD77 /* RunningCrew.app */ = {isa = PBXFileReference; explicitFileType = wrapper.application; includeInIndex = 0; path = RunningCrew.app; sourceTree = BUILT_PRODUCTS_DIR; };
		C7670EE72995460800E3CD77 /* AppDelegate.swift */ = {isa = PBXFileReference; lastKnownFileType = sourcecode.swift; path = AppDelegate.swift; sourceTree = "<group>"; };
		C7670EE92995460800E3CD77 /* SceneDelegate.swift */ = {isa = PBXFileReference; lastKnownFileType = sourcecode.swift; path = SceneDelegate.swift; sourceTree = "<group>"; };
		C7670EF02995460900E3CD77 /* Assets.xcassets */ = {isa = PBXFileReference; lastKnownFileType = folder.assetcatalog; path = Assets.xcassets; sourceTree = "<group>"; };
		C7670EF52995460900E3CD77 /* Info.plist */ = {isa = PBXFileReference; lastKnownFileType = text.plist.xml; path = Info.plist; sourceTree = "<group>"; };
		C7670EFA2995460900E3CD77 /* RunningCrewTests.xctest */ = {isa = PBXFileReference; explicitFileType = wrapper.cfbundle; includeInIndex = 0; path = RunningCrewTests.xctest; sourceTree = BUILT_PRODUCTS_DIR; };
		C7670EFE2995460900E3CD77 /* RunningCrewTests.swift */ = {isa = PBXFileReference; lastKnownFileType = sourcecode.swift; path = RunningCrewTests.swift; sourceTree = "<group>"; };
		C7670F042995460900E3CD77 /* RunningCrewUITests.xctest */ = {isa = PBXFileReference; explicitFileType = wrapper.cfbundle; includeInIndex = 0; path = RunningCrewUITests.xctest; sourceTree = BUILT_PRODUCTS_DIR; };
		C7670F082995460900E3CD77 /* RunningCrewUITests.swift */ = {isa = PBXFileReference; lastKnownFileType = sourcecode.swift; path = RunningCrewUITests.swift; sourceTree = "<group>"; };
		C7670F0A2995460900E3CD77 /* RunningCrewUITestsLaunchTests.swift */ = {isa = PBXFileReference; lastKnownFileType = sourcecode.swift; path = RunningCrewUITestsLaunchTests.swift; sourceTree = "<group>"; };
		C7811F6D29A0F51E00801E6B /* MyRunningCollectionViewCell.swift */ = {isa = PBXFileReference; lastKnownFileType = sourcecode.swift; path = MyRunningCollectionViewCell.swift; sourceTree = "<group>"; };
		C7811F6E29A0F51E00801E6B /* MyRunningCollectionViewCell.xib */ = {isa = PBXFileReference; lastKnownFileType = file.xib; path = MyRunningCollectionViewCell.xib; sourceTree = "<group>"; };
		C7811F7329A201B700801E6B /* DotView.swift */ = {isa = PBXFileReference; lastKnownFileType = sourcecode.swift; path = DotView.swift; sourceTree = "<group>"; };
		C7A1F21429BA1194009AE7BA /* CustomAlertViewController.swift */ = {isa = PBXFileReference; lastKnownFileType = sourcecode.swift; path = CustomAlertViewController.swift; sourceTree = "<group>"; };
		C7A1F21529BA1194009AE7BA /* CustomAlertViewController.xib */ = {isa = PBXFileReference; lastKnownFileType = file.xib; path = CustomAlertViewController.xib; sourceTree = "<group>"; };
		C7A1F21829BA385A009AE7BA /* UIView+.swift */ = {isa = PBXFileReference; lastKnownFileType = sourcecode.swift; path = "UIView+.swift"; sourceTree = "<group>"; };
		C7A4CE5229BC2135000DAE8B /* ImagePickerViewController.swift */ = {isa = PBXFileReference; lastKnownFileType = sourcecode.swift; path = ImagePickerViewController.swift; sourceTree = "<group>"; };
		C7A4CE5329BC2135000DAE8B /* ImagePickerViewController.xib */ = {isa = PBXFileReference; lastKnownFileType = file.xib; path = ImagePickerViewController.xib; sourceTree = "<group>"; };
		C7A4CE5B29BCAC2C000DAE8B /* ImagePickerCollectionViewCell.swift */ = {isa = PBXFileReference; lastKnownFileType = sourcecode.swift; path = ImagePickerCollectionViewCell.swift; sourceTree = "<group>"; };
		C7A4CE5C29BCAC2C000DAE8B /* ImagePickerCollectionViewCell.xib */ = {isa = PBXFileReference; lastKnownFileType = file.xib; path = ImagePickerCollectionViewCell.xib; sourceTree = "<group>"; };
		C7BA067B29A25AF100D2227A /* NotoSansKR-Bold.otf */ = {isa = PBXFileReference; lastKnownFileType = file; path = "NotoSansKR-Bold.otf"; sourceTree = "<group>"; };
		C7BA067D29A25B6B00D2227A /* NotoSansKR-Medium.otf */ = {isa = PBXFileReference; lastKnownFileType = file; path = "NotoSansKR-Medium.otf"; sourceTree = "<group>"; };
		C7D5FB6A29C829ED00F54568 /* .swiftlint.yml */ = {isa = PBXFileReference; lastKnownFileType = text.yaml; path = .swiftlint.yml; sourceTree = "<group>"; };
		C7DE67F22998DFC200C824A9 /* Coordinator.swift */ = {isa = PBXFileReference; lastKnownFileType = sourcecode.swift; path = Coordinator.swift; sourceTree = "<group>"; };
		C7DE67F52998E4D300C824A9 /* TabBarCoordinator.swift */ = {isa = PBXFileReference; lastKnownFileType = sourcecode.swift; path = TabBarCoordinator.swift; sourceTree = "<group>"; };
		C7DE67F829992A2C00C824A9 /* RecordRunningViewController.swift */ = {isa = PBXFileReference; lastKnownFileType = sourcecode.swift; path = RecordRunningViewController.swift; sourceTree = "<group>"; };
		C7DE67FA29992A5E00C824A9 /* TabBarItem.swift */ = {isa = PBXFileReference; lastKnownFileType = sourcecode.swift; path = TabBarItem.swift; sourceTree = "<group>"; };
		C7DE67FC2999301800C824A9 /* RecordRunningCoordinator.swift */ = {isa = PBXFileReference; lastKnownFileType = sourcecode.swift; path = RecordRunningCoordinator.swift; sourceTree = "<group>"; };
		C7DE68012999376800C824A9 /* MyPageViewController.swift */ = {isa = PBXFileReference; lastKnownFileType = sourcecode.swift; path = MyPageViewController.swift; sourceTree = "<group>"; };
		C7DE68032999377800C824A9 /* AlarmViewController.swift */ = {isa = PBXFileReference; lastKnownFileType = sourcecode.swift; path = AlarmViewController.swift; sourceTree = "<group>"; };
		C7DE68052999378300C824A9 /* CrewViewController.swift */ = {isa = PBXFileReference; lastKnownFileType = sourcecode.swift; path = CrewViewController.swift; sourceTree = "<group>"; };
		C7DE680B299939E800C824A9 /* CrewCoordinator.swift */ = {isa = PBXFileReference; lastKnownFileType = sourcecode.swift; path = CrewCoordinator.swift; sourceTree = "<group>"; };
		C7DE680D29993A5400C824A9 /* AlarmCoordinator.swift */ = {isa = PBXFileReference; lastKnownFileType = sourcecode.swift; path = AlarmCoordinator.swift; sourceTree = "<group>"; };
		C7DE680F29993A7000C824A9 /* MyPageCoordinator.swift */ = {isa = PBXFileReference; lastKnownFileType = sourcecode.swift; path = MyPageCoordinator.swift; sourceTree = "<group>"; };
		C7DE681B299A84B500C824A9 /* Launch Screen.storyboard */ = {isa = PBXFileReference; lastKnownFileType = file.storyboard; path = "Launch Screen.storyboard"; sourceTree = "<group>"; };
		C7DE6821299A858300C824A9 /* CustomTabBar.swift */ = {isa = PBXFileReference; lastKnownFileType = sourcecode.swift; path = CustomTabBar.swift; sourceTree = "<group>"; };
		C7DE6824299A85DF00C824A9 /* Color+.swift */ = {isa = PBXFileReference; lastKnownFileType = sourcecode.swift; path = "Color+.swift"; sourceTree = "<group>"; };
		C7DE682B299B934800C824A9 /* RunningButton.swift */ = {isa = PBXFileReference; lastKnownFileType = sourcecode.swift; path = RunningButton.swift; sourceTree = "<group>"; };
		C7DE682D299BD61300C824A9 /* LocationButton.swift */ = {isa = PBXFileReference; lastKnownFileType = sourcecode.swift; path = LocationButton.swift; sourceTree = "<group>"; };
		C7DE6833299CF15F00C824A9 /* CustomMenuBar.swift */ = {isa = PBXFileReference; lastKnownFileType = sourcecode.swift; path = CustomMenuBar.swift; sourceTree = "<group>"; };
		C7DE6839299D1A1C00C824A9 /* CustomTopTabBarController.swift */ = {isa = PBXFileReference; lastKnownFileType = sourcecode.swift; path = CustomTopTabBarController.swift; sourceTree = "<group>"; };
		C7DE683C299D272A00C824A9 /* MenuBarCell.swift */ = {isa = PBXFileReference; lastKnownFileType = sourcecode.swift; path = MenuBarCell.swift; sourceTree = "<group>"; };
		C7DE683E299E58CA00C824A9 /* CrewAlarmViewController.swift */ = {isa = PBXFileReference; lastKnownFileType = sourcecode.swift; path = CrewAlarmViewController.swift; sourceTree = "<group>"; };
		C7DE6840299E590D00C824A9 /* MyRunningViewController.swift */ = {isa = PBXFileReference; lastKnownFileType = sourcecode.swift; path = MyRunningViewController.swift; sourceTree = "<group>"; };
		C7DE6846299FD4AC00C824A9 /* CrewAlarmTableViewCell.swift */ = {isa = PBXFileReference; lastKnownFileType = sourcecode.swift; path = CrewAlarmTableViewCell.swift; sourceTree = "<group>"; };
		C7DE6847299FD4AC00C824A9 /* CrewAlarmTableViewCell.xib */ = {isa = PBXFileReference; lastKnownFileType = file.xib; path = CrewAlarmTableViewCell.xib; sourceTree = "<group>"; };
		C7E00A1B29C1AF8D00B39709 /* ImagePickerViewModel.swift */ = {isa = PBXFileReference; lastKnownFileType = sourcecode.swift; path = ImagePickerViewModel.swift; sourceTree = "<group>"; };
		C7E00A2129C36F4900B39709 /* CameraCollectionViewCell.swift */ = {isa = PBXFileReference; lastKnownFileType = sourcecode.swift; path = CameraCollectionViewCell.swift; sourceTree = "<group>"; };
		C7E00A2229C36F4900B39709 /* CameraCollectionViewCell.xib */ = {isa = PBXFileReference; lastKnownFileType = file.xib; path = CameraCollectionViewCell.xib; sourceTree = "<group>"; };
		C7F95B2D29AF803200C69D1B /* RunningStartViewModel.swift */ = {isa = PBXFileReference; lastKnownFileType = sourcecode.swift; path = RunningStartViewModel.swift; sourceTree = "<group>"; };
		C8E83F46D38D17331033544B /* Pods-RunningCrew.release.xcconfig */ = {isa = PBXFileReference; includeInIndex = 1; lastKnownFileType = text.xcconfig; name = "Pods-RunningCrew.release.xcconfig"; path = "Target Support Files/Pods-RunningCrew/Pods-RunningCrew.release.xcconfig"; sourceTree = "<group>"; };
		D0BCB0478C25AB8849DDAF93 /* Pods-RunningCrewTests.release.xcconfig */ = {isa = PBXFileReference; includeInIndex = 1; lastKnownFileType = text.xcconfig; name = "Pods-RunningCrewTests.release.xcconfig"; path = "Target Support Files/Pods-RunningCrewTests/Pods-RunningCrewTests.release.xcconfig"; sourceTree = "<group>"; };
/* End PBXFileReference section */

/* Begin PBXFrameworksBuildPhase section */
		C7670EE12995460800E3CD77 /* Frameworks */ = {
			isa = PBXFrameworksBuildPhase;
			buildActionMask = 2147483647;
			files = (
				A17FEA9E28A7F0046755DDCE /* Pods_RunningCrew.framework in Frameworks */,
			);
			runOnlyForDeploymentPostprocessing = 0;
		};
		C7670EF72995460900E3CD77 /* Frameworks */ = {
			isa = PBXFrameworksBuildPhase;
			buildActionMask = 2147483647;
			files = (
				E912946796E36DF3B40E1925 /* Pods_RunningCrewTests.framework in Frameworks */,
			);
			runOnlyForDeploymentPostprocessing = 0;
		};
		C7670F012995460900E3CD77 /* Frameworks */ = {
			isa = PBXFrameworksBuildPhase;
			buildActionMask = 2147483647;
			files = (
				D8FCCC736C08611D78F2F5DA /* Pods_RunningCrew_RunningCrewUITests.framework in Frameworks */,
			);
			runOnlyForDeploymentPostprocessing = 0;
		};
/* End PBXFrameworksBuildPhase section */

/* Begin PBXGroup section */
		B177AEB6EAB444E45D0937E0 /* Pods */ = {
			isa = PBXGroup;
			children = (
				7D992A5C10CA9AF1EAAE9D5A /* Pods-RunningCrew.debug.xcconfig */,
				C8E83F46D38D17331033544B /* Pods-RunningCrew.release.xcconfig */,
				C4430C2AE358A87631BAC200 /* Pods-RunningCrew-RunningCrewUITests.debug.xcconfig */,
				03C919EEFAB1F2E8071FD34F /* Pods-RunningCrew-RunningCrewUITests.release.xcconfig */,
				444E77919FDC0F8D936ECE3D /* Pods-RunningCrewTests.debug.xcconfig */,
				D0BCB0478C25AB8849DDAF93 /* Pods-RunningCrewTests.release.xcconfig */,
			);
			path = Pods;
			sourceTree = "<group>";
		};
		BEE5E4D929DFE3D800A49FC5 /* MyPageMyRunning */ = {
			isa = PBXGroup;
			children = (
				BEE5E4DA29DFE41200A49FC5 /* MyPageMyRunningViewController.swift */,
			);
			path = MyPageMyRunning;
			sourceTree = "<group>";
		};
		BEE5E4DC29DFE41A00A49FC5 /* Cell */ = {
			isa = PBXGroup;
			children = (
				BEEAFDD62A04E86100A06954 /* MyPageMyRunningCollectionViewCell.swift */,
			);
			path = Cell;
			sourceTree = "<group>";
		};
		BEE5E4DD29DFF03900A49FC5 /* MyPageCalendar */ = {
			isa = PBXGroup;
			children = (
				BE54B0DF29E2A28800FAF893 /* MyPageCalendarView.swift */,
				BEAB40F129E302A000F2130F /* MyPageCalendarViewController.swift */,
			);
			path = MyPageCalendar;
			sourceTree = "<group>";
		};
		C7211E3229B9717D00ADA90C /* AddImageButtonCell */ = {
			isa = PBXGroup;
			children = (
				C7211E3329B9721E00ADA90C /* AddImageCollectionViewCell.swift */,
				C7211E3429B9721E00ADA90C /* AddImageCollectionViewCell.xib */,
			);
			path = AddImageButtonCell;
			sourceTree = "<group>";
		};
		C7211E3729B9EA8100ADA90C /* ImageCell */ = {
			isa = PBXGroup;
			children = (
				C7211E3829B9EA9700ADA90C /* ImageCollectionViewCell.swift */,
				C7211E3929B9EA9700ADA90C /* ImageCollectionViewCell.xib */,
			);
			path = ImageCell;
			sourceTree = "<group>";
		};
		C730C16329A259720076C83C /* Font */ = {
			isa = PBXGroup;
			children = (
				C7BA067D29A25B6B00D2227A /* NotoSansKR-Medium.otf */,
				C7BA067B29A25AF100D2227A /* NotoSansKR-Bold.otf */,
			);
			path = Font;
			sourceTree = "<group>";
		};
		C751527A29B34212003D8987 /* ViewModel */ = {
			isa = PBXGroup;
			children = (
				C751527B29B34224003D8987 /* RecordViewModel.swift */,
			);
			path = ViewModel;
			sourceTree = "<group>";
		};
		C751527D29B7994B003D8987 /* SaveRunningRecord */ = {
			isa = PBXGroup;
			children = (
				C7211E3729B9EA8100ADA90C /* ImageCell */,
				C7211E3229B9717D00ADA90C /* AddImageButtonCell */,
				C751527E29B79981003D8987 /* SaveRecordRunningViewController.swift */,
				C751527F29B79981003D8987 /* SaveRecordRunningViewController.xib */,
			);
			path = SaveRunningRecord;
			sourceTree = "<group>";
		};
		C75DECF529ABB36B00A4EC47 /* UI */ = {
			isa = PBXGroup;
			children = (
				C7663E7C29AA125B0046068B /* GoalSettingStackView.swift */,
				C7663E8029ABA5720046068B /* GoalSettingLabelStackView.swift */,
				C7663E7A29A9F1260046068B /* GoalTextField.swift */,
			);
			path = UI;
			sourceTree = "<group>";
		};
		C75DECFC29AE7E8300A4EC47 /* RecordView */ = {
			isa = PBXGroup;
			children = (
				C751527A29B34212003D8987 /* ViewModel */,
				C75DECF829AE7E7D00A4EC47 /* RecordViewController.swift */,
				C75DECF929AE7E7D00A4EC47 /* RecordViewController.xib */,
			);
			path = RecordView;
			sourceTree = "<group>";
		};
		C7663E5129A4BF6E0046068B /* MeasureRunning */ = {
			isa = PBXGroup;
			children = (
				C751527D29B7994B003D8987 /* SaveRunningRecord */,
				C75DECF529ABB36B00A4EC47 /* UI */,
				C7F95B2B29AF7F8A00C69D1B /* RunningStart */,
				C75DECFC29AE7E8300A4EC47 /* RecordView */,
				C7663E7929A9F1090046068B /* GoalSettingView */,
			);
			path = MeasureRunning;
			sourceTree = "<group>";
		};
		C7663E7929A9F1090046068B /* GoalSettingView */ = {
			isa = PBXGroup;
			children = (
				C75DECF629ABB3AF00A4EC47 /* GoalSettingViewController.swift */,
			);
			path = GoalSettingView;
			sourceTree = "<group>";
		};
		C7670EDB2995460800E3CD77 = {
			isa = PBXGroup;
			children = (
				C7D5FB6A29C829ED00F54568 /* .swiftlint.yml */,
				C7670EE62995460800E3CD77 /* RunningCrew */,
				C7670EFD2995460900E3CD77 /* RunningCrewTests */,
				C7670F072995460900E3CD77 /* RunningCrewUITests */,
				C7670EE52995460800E3CD77 /* Products */,
				B177AEB6EAB444E45D0937E0 /* Pods */,
				E0411EDA38A4BEEFC0698F7C /* Frameworks */,
			);
			sourceTree = "<group>";
		};
		C7670EE52995460800E3CD77 /* Products */ = {
			isa = PBXGroup;
			children = (
				C7670EE42995460800E3CD77 /* RunningCrew.app */,
				C7670EFA2995460900E3CD77 /* RunningCrewTests.xctest */,
				C7670F042995460900E3CD77 /* RunningCrewUITests.xctest */,
			);
			name = Products;
			sourceTree = "<group>";
		};
		C7670EE62995460800E3CD77 /* RunningCrew */ = {
			isa = PBXGroup;
			children = (
				C7811F7729A258C200801E6B /* Resources */,
				C7811F7829A258CE00801E6B /* Sources */,
				C7DE681B299A84B500C824A9 /* Launch Screen.storyboard */,
			);
			path = RunningCrew;
			sourceTree = "<group>";
		};
		C7670EFD2995460900E3CD77 /* RunningCrewTests */ = {
			isa = PBXGroup;
			children = (
				C7670EFE2995460900E3CD77 /* RunningCrewTests.swift */,
			);
			path = RunningCrewTests;
			sourceTree = "<group>";
		};
		C7670F072995460900E3CD77 /* RunningCrewUITests */ = {
			isa = PBXGroup;
			children = (
				C7670F082995460900E3CD77 /* RunningCrewUITests.swift */,
				C7670F0A2995460900E3CD77 /* RunningCrewUITestsLaunchTests.swift */,
			);
			path = RunningCrewUITests;
			sourceTree = "<group>";
		};
		C7811F6429A0AA3A00801E6B /* Cell */ = {
			isa = PBXGroup;
			children = (
				C7811F6D29A0F51E00801E6B /* MyRunningCollectionViewCell.swift */,
				C7811F6E29A0F51E00801E6B /* MyRunningCollectionViewCell.xib */,
				C7811F7329A201B700801E6B /* DotView.swift */,
			);
			path = Cell;
			sourceTree = "<group>";
		};
		C7811F7729A258C200801E6B /* Resources */ = {
			isa = PBXGroup;
			children = (
				C730C16329A259720076C83C /* Font */,
				C7670EF52995460900E3CD77 /* Info.plist */,
				C7670EF02995460900E3CD77 /* Assets.xcassets */,
			);
			path = Resources;
			sourceTree = "<group>";
		};
		C7811F7829A258CE00801E6B /* Sources */ = {
			isa = PBXGroup;
			children = (
				C7DE67E92997AA3600C824A9 /* Application */,
				C7DE67EE2998DF2900C824A9 /* Presenter */,
			);
			path = Sources;
			sourceTree = "<group>";
		};
		C7A1F21329BA0D38009AE7BA /* Alert */ = {
			isa = PBXGroup;
			children = (
				C7A1F21429BA1194009AE7BA /* CustomAlertViewController.swift */,
				C7A1F21529BA1194009AE7BA /* CustomAlertViewController.xib */,
			);
			path = Alert;
			sourceTree = "<group>";
		};
		C7A4CE5129BC2109000DAE8B /* ImagePicker */ = {
			isa = PBXGroup;
			children = (
				C7E00A1A29C1AF7E00B39709 /* ViewModel */,
				C7E00A2029C36F2C00B39709 /* CameraCell */,
				C7A4CE5629BCABE9000DAE8B /* ImagePickerCell */,
				C7A4CE5229BC2135000DAE8B /* ImagePickerViewController.swift */,
				C7A4CE5329BC2135000DAE8B /* ImagePickerViewController.xib */,
			);
			path = ImagePicker;
			sourceTree = "<group>";
		};
		C7A4CE5629BCABE9000DAE8B /* ImagePickerCell */ = {
			isa = PBXGroup;
			children = (
				C7A4CE5B29BCAC2C000DAE8B /* ImagePickerCollectionViewCell.swift */,
				C7A4CE5C29BCAC2C000DAE8B /* ImagePickerCollectionViewCell.xib */,
			);
			path = ImagePickerCell;
			sourceTree = "<group>";
		};
		C7DE67E92997AA3600C824A9 /* Application */ = {
			isa = PBXGroup;
			children = (
				C7670EE92995460800E3CD77 /* SceneDelegate.swift */,
				C7670EE72995460800E3CD77 /* AppDelegate.swift */,
			);
			path = Application;
			sourceTree = "<group>";
		};
		C7DE67EE2998DF2900C824A9 /* Presenter */ = {
			isa = PBXGroup;
			children = (
				C7DE6823299A85D400C824A9 /* Utils */,
				C7DE67EF2998DF5D00C824A9 /* Common */,
				C7DE67F02998DF6300C824A9 /* TabBar */,
			);
			path = Presenter;
			sourceTree = "<group>";
		};
		C7DE67EF2998DF5D00C824A9 /* Common */ = {
			isa = PBXGroup;
			children = (
				C7A4CE5129BC2109000DAE8B /* ImagePicker */,
				C7A1F21329BA0D38009AE7BA /* Alert */,
				C7DE67F12998DFB600C824A9 /* Coordinator */,
			);
			path = Common;
			sourceTree = "<group>";
		};
		C7DE67F02998DF6300C824A9 /* TabBar */ = {
			isa = PBXGroup;
			children = (
				C7DE6820299A857400C824A9 /* CustomTabBar */,
				C7DE68002999374300C824A9 /* MyPage */,
				C7DE67FF2999373B00C824A9 /* Alarm */,
				C7DE67FE2999372A00C824A9 /* Crew */,
				C7DE67F72999296B00C824A9 /* RecordRunning */,
				C7DE67F42998E4B900C824A9 /* Coordinator */,
			);
			path = TabBar;
			sourceTree = "<group>";
		};
		C7DE67F12998DFB600C824A9 /* Coordinator */ = {
			isa = PBXGroup;
			children = (
				C7DE67F22998DFC200C824A9 /* Coordinator.swift */,
			);
			path = Coordinator;
			sourceTree = "<group>";
		};
		C7DE67F42998E4B900C824A9 /* Coordinator */ = {
			isa = PBXGroup;
			children = (
				C7DE67F52998E4D300C824A9 /* TabBarCoordinator.swift */,
				C7DE67FA29992A5E00C824A9 /* TabBarItem.swift */,
			);
			path = Coordinator;
			sourceTree = "<group>";
		};
		C7DE67F72999296B00C824A9 /* RecordRunning */ = {
			isa = PBXGroup;
			children = (
				C7663E5129A4BF6E0046068B /* MeasureRunning */,
				C7DE6826299B890500C824A9 /* Button */,
				C7DE6808299939BE00C824A9 /* Coordinator */,
				C7DE67F829992A2C00C824A9 /* RecordRunningViewController.swift */,
			);
			path = RecordRunning;
			sourceTree = "<group>";
		};
		C7DE67FE2999372A00C824A9 /* Crew */ = {
			isa = PBXGroup;
			children = (
				C7DE6809299939CC00C824A9 /* Coordinator */,
				C7DE68052999378300C824A9 /* CrewViewController.swift */,
			);
			path = Crew;
			sourceTree = "<group>";
		};
		C7DE67FF2999373B00C824A9 /* Alarm */ = {
			isa = PBXGroup;
			children = (
				C7DE6831299CEEBA00C824A9 /* MyRunning */,
				C7DE6830299CEEA500C824A9 /* Crew */,
				C7DE680A299939D100C824A9 /* Coordinator */,
				C7DE68032999377800C824A9 /* AlarmViewController.swift */,
			);
			path = Alarm;
			sourceTree = "<group>";
		};
		C7DE68002999374300C824A9 /* MyPage */ = {
			isa = PBXGroup;
			children = (
				BEEAFDD42A04E27B00A06954 /* MyRunningCollectionView.swift */,
				BEE5E4DC29DFE41A00A49FC5 /* Cell */,
				BEE5E4DD29DFF03900A49FC5 /* MyPageCalendar */,
				BEE5E4D929DFE3D800A49FC5 /* MyPageMyRunning */,
				C7DE6807299938C000C824A9 /* Coordinator */,
				C7DE68012999376800C824A9 /* MyPageViewController.swift */,
			);
			path = MyPage;
			sourceTree = "<group>";
		};
		C7DE6807299938C000C824A9 /* Coordinator */ = {
			isa = PBXGroup;
			children = (
				C7DE680F29993A7000C824A9 /* MyPageCoordinator.swift */,
			);
			path = Coordinator;
			sourceTree = "<group>";
		};
		C7DE6808299939BE00C824A9 /* Coordinator */ = {
			isa = PBXGroup;
			children = (
				C7DE67FC2999301800C824A9 /* RecordRunningCoordinator.swift */,
			);
			path = Coordinator;
			sourceTree = "<group>";
		};
		C7DE6809299939CC00C824A9 /* Coordinator */ = {
			isa = PBXGroup;
			children = (
				C7DE680B299939E800C824A9 /* CrewCoordinator.swift */,
			);
			path = Coordinator;
			sourceTree = "<group>";
		};
		C7DE680A299939D100C824A9 /* Coordinator */ = {
			isa = PBXGroup;
			children = (
				C7DE680D29993A5400C824A9 /* AlarmCoordinator.swift */,
			);
			path = Coordinator;
			sourceTree = "<group>";
		};
		C7DE6820299A857400C824A9 /* CustomTabBar */ = {
			isa = PBXGroup;
			children = (
				C7DE6832299CF0FE00C824A9 /* CustomTopTabBar */,
				C7DE6821299A858300C824A9 /* CustomTabBar.swift */,
			);
			path = CustomTabBar;
			sourceTree = "<group>";
		};
		C7DE6823299A85D400C824A9 /* Utils */ = {
			isa = PBXGroup;
			children = (
				C7DE6824299A85DF00C824A9 /* Color+.swift */,
				C751527829B27038003D8987 /* UIImage+.swift */,
				C7211E3029B9664D00ADA90C /* UIViewController+.swift */,
				C7A1F21829BA385A009AE7BA /* UIView+.swift */,
			);
			path = Utils;
			sourceTree = "<group>";
		};
		C7DE6826299B890500C824A9 /* Button */ = {
			isa = PBXGroup;
			children = (
				C7DE682B299B934800C824A9 /* RunningButton.swift */,
				C7DE682D299BD61300C824A9 /* LocationButton.swift */,
			);
			path = Button;
			sourceTree = "<group>";
		};
		C7DE6830299CEEA500C824A9 /* Crew */ = {
			isa = PBXGroup;
			children = (
				C7DE6845299FD49D00C824A9 /* Cell */,
				C7DE683E299E58CA00C824A9 /* CrewAlarmViewController.swift */,
			);
			path = Crew;
			sourceTree = "<group>";
		};
		C7DE6831299CEEBA00C824A9 /* MyRunning */ = {
			isa = PBXGroup;
			children = (
				C7811F6429A0AA3A00801E6B /* Cell */,
				C7DE6840299E590D00C824A9 /* MyRunningViewController.swift */,
			);
			path = MyRunning;
			sourceTree = "<group>";
		};
		C7DE6832299CF0FE00C824A9 /* CustomTopTabBar */ = {
			isa = PBXGroup;
			children = (
				C7DE683B299D26CB00C824A9 /* MenuBar */,
				C7DE6839299D1A1C00C824A9 /* CustomTopTabBarController.swift */,
			);
			path = CustomTopTabBar;
			sourceTree = "<group>";
		};
		C7DE683B299D26CB00C824A9 /* MenuBar */ = {
			isa = PBXGroup;
			children = (
				C7DE683C299D272A00C824A9 /* MenuBarCell.swift */,
				C7DE6833299CF15F00C824A9 /* CustomMenuBar.swift */,
			);
			path = MenuBar;
			sourceTree = "<group>";
		};
		C7DE6845299FD49D00C824A9 /* Cell */ = {
			isa = PBXGroup;
			children = (
				C7DE6846299FD4AC00C824A9 /* CrewAlarmTableViewCell.swift */,
				C7DE6847299FD4AC00C824A9 /* CrewAlarmTableViewCell.xib */,
			);
			path = Cell;
			sourceTree = "<group>";
		};
		C7E00A1A29C1AF7E00B39709 /* ViewModel */ = {
			isa = PBXGroup;
			children = (
				C7E00A1B29C1AF8D00B39709 /* ImagePickerViewModel.swift */,
			);
			path = ViewModel;
			sourceTree = "<group>";
		};
		C7E00A2029C36F2C00B39709 /* CameraCell */ = {
			isa = PBXGroup;
			children = (
				C7E00A2129C36F4900B39709 /* CameraCollectionViewCell.swift */,
				C7E00A2229C36F4900B39709 /* CameraCollectionViewCell.xib */,
			);
			path = CameraCell;
			sourceTree = "<group>";
		};
		C7F95B2B29AF7F8A00C69D1B /* RunningStart */ = {
			isa = PBXGroup;
			children = (
				C7F95B2C29AF7FBE00C69D1B /* ViewModel */,
				C7663E5229A4BFB70046068B /* RunningStartViewController.swift */,
			);
			path = RunningStart;
			sourceTree = "<group>";
		};
		C7F95B2C29AF7FBE00C69D1B /* ViewModel */ = {
			isa = PBXGroup;
			children = (
				C7F95B2D29AF803200C69D1B /* RunningStartViewModel.swift */,
			);
			path = ViewModel;
			sourceTree = "<group>";
		};
		E0411EDA38A4BEEFC0698F7C /* Frameworks */ = {
			isa = PBXGroup;
			children = (
				65D82C19D66319609FF717AF /* Pods_RunningCrew.framework */,
				49645AC81E6AA34CA37B1351 /* Pods_RunningCrew_RunningCrewUITests.framework */,
				B83D40D954F061F36AABF30C /* Pods_RunningCrewTests.framework */,
			);
			name = Frameworks;
			sourceTree = "<group>";
		};
/* End PBXGroup section */

/* Begin PBXNativeTarget section */
		C7670EE32995460800E3CD77 /* RunningCrew */ = {
			isa = PBXNativeTarget;
			buildConfigurationList = C7670F0E2995460900E3CD77 /* Build configuration list for PBXNativeTarget "RunningCrew" */;
			buildPhases = (
				78BF3DA6249B2B1CA1BF03A9 /* [CP] Check Pods Manifest.lock */,
				C7670EE02995460800E3CD77 /* Sources */,
				C7670EE12995460800E3CD77 /* Frameworks */,
				C7670EE22995460800E3CD77 /* Resources */,
				7C9AF51D8AE76869CDD8D90C /* [CP] Embed Pods Frameworks */,
				C7D5FB6929C8293600F54568 /* ShellScript */,
			);
			buildRules = (
			);
			dependencies = (
			);
			name = RunningCrew;
			productName = RunningCrew;
			productReference = C7670EE42995460800E3CD77 /* RunningCrew.app */;
			productType = "com.apple.product-type.application";
		};
		C7670EF92995460900E3CD77 /* RunningCrewTests */ = {
			isa = PBXNativeTarget;
			buildConfigurationList = C7670F112995460900E3CD77 /* Build configuration list for PBXNativeTarget "RunningCrewTests" */;
			buildPhases = (
				4CE4D71177F0DB342ADA92BF /* [CP] Check Pods Manifest.lock */,
				C7670EF62995460900E3CD77 /* Sources */,
				C7670EF72995460900E3CD77 /* Frameworks */,
				C7670EF82995460900E3CD77 /* Resources */,
			);
			buildRules = (
			);
			dependencies = (
				C7670EFC2995460900E3CD77 /* PBXTargetDependency */,
			);
			name = RunningCrewTests;
			productName = RunningCrewTests;
			productReference = C7670EFA2995460900E3CD77 /* RunningCrewTests.xctest */;
			productType = "com.apple.product-type.bundle.unit-test";
		};
		C7670F032995460900E3CD77 /* RunningCrewUITests */ = {
			isa = PBXNativeTarget;
			buildConfigurationList = C7670F142995460900E3CD77 /* Build configuration list for PBXNativeTarget "RunningCrewUITests" */;
			buildPhases = (
				478D377DD1D8D702B8AE3CE4 /* [CP] Check Pods Manifest.lock */,
				C7670F002995460900E3CD77 /* Sources */,
				C7670F012995460900E3CD77 /* Frameworks */,
				C7670F022995460900E3CD77 /* Resources */,
				128B4E85F44A4A1E48427B94 /* [CP] Embed Pods Frameworks */,
			);
			buildRules = (
			);
			dependencies = (
				C7670F062995460900E3CD77 /* PBXTargetDependency */,
			);
			name = RunningCrewUITests;
			productName = RunningCrewUITests;
			productReference = C7670F042995460900E3CD77 /* RunningCrewUITests.xctest */;
			productType = "com.apple.product-type.bundle.ui-testing";
		};
/* End PBXNativeTarget section */

/* Begin PBXProject section */
		C7670EDC2995460800E3CD77 /* Project object */ = {
			isa = PBXProject;
			attributes = {
				BuildIndependentTargetsInParallel = 1;
				LastSwiftUpdateCheck = 1420;
				LastUpgradeCheck = 1420;
				TargetAttributes = {
					C7670EE32995460800E3CD77 = {
						CreatedOnToolsVersion = 14.2;
						LastSwiftMigration = 1430;
					};
					C7670EF92995460900E3CD77 = {
						CreatedOnToolsVersion = 14.2;
						TestTargetID = C7670EE32995460800E3CD77;
					};
					C7670F032995460900E3CD77 = {
						CreatedOnToolsVersion = 14.2;
						TestTargetID = C7670EE32995460800E3CD77;
					};
				};
			};
			buildConfigurationList = C7670EDF2995460800E3CD77 /* Build configuration list for PBXProject "RunningCrew" */;
			compatibilityVersion = "Xcode 13.0";
			developmentRegion = en;
			hasScannedForEncodings = 0;
			knownRegions = (
				en,
				Base,
			);
			mainGroup = C7670EDB2995460800E3CD77;
			productRefGroup = C7670EE52995460800E3CD77 /* Products */;
			projectDirPath = "";
			projectRoot = "";
			targets = (
				C7670EE32995460800E3CD77 /* RunningCrew */,
				C7670EF92995460900E3CD77 /* RunningCrewTests */,
				C7670F032995460900E3CD77 /* RunningCrewUITests */,
			);
		};
/* End PBXProject section */

/* Begin PBXResourcesBuildPhase section */
		C7670EE22995460800E3CD77 /* Resources */ = {
			isa = PBXResourcesBuildPhase;
			buildActionMask = 2147483647;
			files = (
				C7D5FB6B29C829ED00F54568 /* .swiftlint.yml in Resources */,
				C75DECFB29AE7E7D00A4EC47 /* RecordViewController.xib in Resources */,
				C7BA067E29A25B6B00D2227A /* NotoSansKR-Medium.otf in Resources */,
				C7A4CE5E29BCAC2C000DAE8B /* ImagePickerCollectionViewCell.xib in Resources */,
				C751528129B79981003D8987 /* SaveRecordRunningViewController.xib in Resources */,
				C7DE6849299FD4AC00C824A9 /* CrewAlarmTableViewCell.xib in Resources */,
				C7A1F21729BA1194009AE7BA /* CustomAlertViewController.xib in Resources */,
				C7211E3B29B9EA9700ADA90C /* ImageCollectionViewCell.xib in Resources */,
				C7A4CE5529BC2135000DAE8B /* ImagePickerViewController.xib in Resources */,
				C7811F7029A0F51E00801E6B /* MyRunningCollectionViewCell.xib in Resources */,
				C7211E3629B9721E00ADA90C /* AddImageCollectionViewCell.xib in Resources */,
				C7DE681C299A84B500C824A9 /* Launch Screen.storyboard in Resources */,
				C7670EF12995460900E3CD77 /* Assets.xcassets in Resources */,
				C7BA067C29A25AF100D2227A /* NotoSansKR-Bold.otf in Resources */,
				C7E00A2429C36F4900B39709 /* CameraCollectionViewCell.xib in Resources */,
			);
			runOnlyForDeploymentPostprocessing = 0;
		};
		C7670EF82995460900E3CD77 /* Resources */ = {
			isa = PBXResourcesBuildPhase;
			buildActionMask = 2147483647;
			files = (
			);
			runOnlyForDeploymentPostprocessing = 0;
		};
		C7670F022995460900E3CD77 /* Resources */ = {
			isa = PBXResourcesBuildPhase;
			buildActionMask = 2147483647;
			files = (
			);
			runOnlyForDeploymentPostprocessing = 0;
		};
/* End PBXResourcesBuildPhase section */

/* Begin PBXShellScriptBuildPhase section */
		128B4E85F44A4A1E48427B94 /* [CP] Embed Pods Frameworks */ = {
			isa = PBXShellScriptBuildPhase;
			buildActionMask = 2147483647;
			files = (
			);
			inputFileListPaths = (
				"${PODS_ROOT}/Target Support Files/Pods-RunningCrew-RunningCrewUITests/Pods-RunningCrew-RunningCrewUITests-frameworks-${CONFIGURATION}-input-files.xcfilelist",
			);
			name = "[CP] Embed Pods Frameworks";
			outputFileListPaths = (
				"${PODS_ROOT}/Target Support Files/Pods-RunningCrew-RunningCrewUITests/Pods-RunningCrew-RunningCrewUITests-frameworks-${CONFIGURATION}-output-files.xcfilelist",
			);
			runOnlyForDeploymentPostprocessing = 0;
			shellPath = /bin/sh;
			shellScript = "\"${PODS_ROOT}/Target Support Files/Pods-RunningCrew-RunningCrewUITests/Pods-RunningCrew-RunningCrewUITests-frameworks.sh\"\n";
			showEnvVarsInLog = 0;
		};
		478D377DD1D8D702B8AE3CE4 /* [CP] Check Pods Manifest.lock */ = {
			isa = PBXShellScriptBuildPhase;
			buildActionMask = 2147483647;
			files = (
			);
			inputFileListPaths = (
			);
			inputPaths = (
				"${PODS_PODFILE_DIR_PATH}/Podfile.lock",
				"${PODS_ROOT}/Manifest.lock",
			);
			name = "[CP] Check Pods Manifest.lock";
			outputFileListPaths = (
			);
			outputPaths = (
				"$(DERIVED_FILE_DIR)/Pods-RunningCrew-RunningCrewUITests-checkManifestLockResult.txt",
			);
			runOnlyForDeploymentPostprocessing = 0;
			shellPath = /bin/sh;
			shellScript = "diff \"${PODS_PODFILE_DIR_PATH}/Podfile.lock\" \"${PODS_ROOT}/Manifest.lock\" > /dev/null\nif [ $? != 0 ] ; then\n    # print error to STDERR\n    echo \"error: The sandbox is not in sync with the Podfile.lock. Run 'pod install' or update your CocoaPods installation.\" >&2\n    exit 1\nfi\n# This output is used by Xcode 'outputs' to avoid re-running this script phase.\necho \"SUCCESS\" > \"${SCRIPT_OUTPUT_FILE_0}\"\n";
			showEnvVarsInLog = 0;
		};
		4CE4D71177F0DB342ADA92BF /* [CP] Check Pods Manifest.lock */ = {
			isa = PBXShellScriptBuildPhase;
			buildActionMask = 2147483647;
			files = (
			);
			inputFileListPaths = (
			);
			inputPaths = (
				"${PODS_PODFILE_DIR_PATH}/Podfile.lock",
				"${PODS_ROOT}/Manifest.lock",
			);
			name = "[CP] Check Pods Manifest.lock";
			outputFileListPaths = (
			);
			outputPaths = (
				"$(DERIVED_FILE_DIR)/Pods-RunningCrewTests-checkManifestLockResult.txt",
			);
			runOnlyForDeploymentPostprocessing = 0;
			shellPath = /bin/sh;
			shellScript = "diff \"${PODS_PODFILE_DIR_PATH}/Podfile.lock\" \"${PODS_ROOT}/Manifest.lock\" > /dev/null\nif [ $? != 0 ] ; then\n    # print error to STDERR\n    echo \"error: The sandbox is not in sync with the Podfile.lock. Run 'pod install' or update your CocoaPods installation.\" >&2\n    exit 1\nfi\n# This output is used by Xcode 'outputs' to avoid re-running this script phase.\necho \"SUCCESS\" > \"${SCRIPT_OUTPUT_FILE_0}\"\n";
			showEnvVarsInLog = 0;
		};
		78BF3DA6249B2B1CA1BF03A9 /* [CP] Check Pods Manifest.lock */ = {
			isa = PBXShellScriptBuildPhase;
			buildActionMask = 2147483647;
			files = (
			);
			inputFileListPaths = (
			);
			inputPaths = (
				"${PODS_PODFILE_DIR_PATH}/Podfile.lock",
				"${PODS_ROOT}/Manifest.lock",
			);
			name = "[CP] Check Pods Manifest.lock";
			outputFileListPaths = (
			);
			outputPaths = (
				"$(DERIVED_FILE_DIR)/Pods-RunningCrew-checkManifestLockResult.txt",
			);
			runOnlyForDeploymentPostprocessing = 0;
			shellPath = /bin/sh;
			shellScript = "diff \"${PODS_PODFILE_DIR_PATH}/Podfile.lock\" \"${PODS_ROOT}/Manifest.lock\" > /dev/null\nif [ $? != 0 ] ; then\n    # print error to STDERR\n    echo \"error: The sandbox is not in sync with the Podfile.lock. Run 'pod install' or update your CocoaPods installation.\" >&2\n    exit 1\nfi\n# This output is used by Xcode 'outputs' to avoid re-running this script phase.\necho \"SUCCESS\" > \"${SCRIPT_OUTPUT_FILE_0}\"\n";
			showEnvVarsInLog = 0;
		};
		7C9AF51D8AE76869CDD8D90C /* [CP] Embed Pods Frameworks */ = {
			isa = PBXShellScriptBuildPhase;
			buildActionMask = 2147483647;
			files = (
			);
			inputFileListPaths = (
				"${PODS_ROOT}/Target Support Files/Pods-RunningCrew/Pods-RunningCrew-frameworks-${CONFIGURATION}-input-files.xcfilelist",
			);
			name = "[CP] Embed Pods Frameworks";
			outputFileListPaths = (
				"${PODS_ROOT}/Target Support Files/Pods-RunningCrew/Pods-RunningCrew-frameworks-${CONFIGURATION}-output-files.xcfilelist",
			);
			runOnlyForDeploymentPostprocessing = 0;
			shellPath = /bin/sh;
			shellScript = "\"${PODS_ROOT}/Target Support Files/Pods-RunningCrew/Pods-RunningCrew-frameworks.sh\"\n";
			showEnvVarsInLog = 0;
		};
		C7D5FB6929C8293600F54568 /* ShellScript */ = {
			isa = PBXShellScriptBuildPhase;
			buildActionMask = 2147483647;
			files = (
			);
			inputFileListPaths = (
			);
			inputPaths = (
			);
			outputFileListPaths = (
			);
			outputPaths = (
			);
			runOnlyForDeploymentPostprocessing = 0;
			shellPath = /bin/sh;
			shellScript = "\"${PODS_ROOT}/SwiftLint/swiftlint\"\n";
		};
/* End PBXShellScriptBuildPhase section */

/* Begin PBXSourcesBuildPhase section */
		C7670EE02995460800E3CD77 /* Sources */ = {
			isa = PBXSourcesBuildPhase;
			buildActionMask = 2147483647;
			files = (
				C75DECFA29AE7E7D00A4EC47 /* RecordViewController.swift in Sources */,
				C7DE6848299FD4AC00C824A9 /* CrewAlarmTableViewCell.swift in Sources */,
				C7DE67FD2999301800C824A9 /* RecordRunningCoordinator.swift in Sources */,
				BEE5E4DB29DFE41200A49FC5 /* MyPageMyRunningViewController.swift in Sources */,
				C7663E7B29A9F1260046068B /* GoalTextField.swift in Sources */,
				C7A1F21929BA385A009AE7BA /* UIView+.swift in Sources */,
				C7DE6825299A85DF00C824A9 /* Color+.swift in Sources */,
				C7DE67FB29992A5E00C824A9 /* TabBarItem.swift in Sources */,
				C7A4CE5429BC2135000DAE8B /* ImagePickerViewController.swift in Sources */,
				C7DE682C299B934800C824A9 /* RunningButton.swift in Sources */,
				C7DE6841299E590D00C824A9 /* MyRunningViewController.swift in Sources */,
				C7211E3529B9721E00ADA90C /* AddImageCollectionViewCell.swift in Sources */,
				C7DE6822299A858300C824A9 /* CustomTabBar.swift in Sources */,
				C7663E7D29AA125B0046068B /* GoalSettingStackView.swift in Sources */,
				C7663E5329A4BFB70046068B /* RunningStartViewController.swift in Sources */,
				BEEAFDD52A04E27B00A06954 /* MyRunningCollectionView.swift in Sources */,
				C7670EE82995460800E3CD77 /* AppDelegate.swift in Sources */,
				C751527929B27038003D8987 /* UIImage+.swift in Sources */,
				C7DE683D299D272A00C824A9 /* MenuBarCell.swift in Sources */,
				C7211E3129B9664D00ADA90C /* UIViewController+.swift in Sources */,
				C7670EEA2995460800E3CD77 /* SceneDelegate.swift in Sources */,
				C7DE681029993A7000C824A9 /* MyPageCoordinator.swift in Sources */,
				C7211E3A29B9EA9700ADA90C /* ImageCollectionViewCell.swift in Sources */,
				C7E00A2329C36F4900B39709 /* CameraCollectionViewCell.swift in Sources */,
				C7DE683A299D1A1C00C824A9 /* CustomTopTabBarController.swift in Sources */,
				C7A1F21629BA1194009AE7BA /* CustomAlertViewController.swift in Sources */,
				C7E00A1C29C1AF8D00B39709 /* ImagePickerViewModel.swift in Sources */,
				C751527C29B34224003D8987 /* RecordViewModel.swift in Sources */,
				C7DE683F299E58CA00C824A9 /* CrewAlarmViewController.swift in Sources */,
				C7F95B2E29AF803200C69D1B /* RunningStartViewModel.swift in Sources */,
				BEEAFDD72A04E86100A06954 /* MyPageMyRunningCollectionViewCell.swift in Sources */,
				C7DE680C299939E800C824A9 /* CrewCoordinator.swift in Sources */,
				C7DE67F62998E4D300C824A9 /* TabBarCoordinator.swift in Sources */,
				C7DE680E29993A5400C824A9 /* AlarmCoordinator.swift in Sources */,
				C751528029B79981003D8987 /* SaveRecordRunningViewController.swift in Sources */,
				C7A4CE5D29BCAC2C000DAE8B /* ImagePickerCollectionViewCell.swift in Sources */,
				C7DE6834299CF15F00C824A9 /* CustomMenuBar.swift in Sources */,
				C7DE68062999378300C824A9 /* CrewViewController.swift in Sources */,
				BE54B0E029E2A28800FAF893 /* MyPageCalendarView.swift in Sources */,
				C7DE68042999377800C824A9 /* AlarmViewController.swift in Sources */,
				C7663E8129ABA5720046068B /* GoalSettingLabelStackView.swift in Sources */,
				C7DE67F929992A2C00C824A9 /* RecordRunningViewController.swift in Sources */,
				C7811F6F29A0F51E00801E6B /* MyRunningCollectionViewCell.swift in Sources */,
				C7DE67F32998DFC200C824A9 /* Coordinator.swift in Sources */,
				C7DE68022999376800C824A9 /* MyPageViewController.swift in Sources */,
				C7811F7429A201B700801E6B /* DotView.swift in Sources */,
				BEAB40F229E302A000F2130F /* MyPageCalendarViewController.swift in Sources */,
				C75DECF729ABB3AF00A4EC47 /* GoalSettingViewController.swift in Sources */,
				C7DE682E299BD61300C824A9 /* LocationButton.swift in Sources */,
			);
			runOnlyForDeploymentPostprocessing = 0;
		};
		C7670EF62995460900E3CD77 /* Sources */ = {
			isa = PBXSourcesBuildPhase;
			buildActionMask = 2147483647;
			files = (
				C7670EFF2995460900E3CD77 /* RunningCrewTests.swift in Sources */,
			);
			runOnlyForDeploymentPostprocessing = 0;
		};
		C7670F002995460900E3CD77 /* Sources */ = {
			isa = PBXSourcesBuildPhase;
			buildActionMask = 2147483647;
			files = (
				C7670F092995460900E3CD77 /* RunningCrewUITests.swift in Sources */,
				C7670F0B2995460900E3CD77 /* RunningCrewUITestsLaunchTests.swift in Sources */,
			);
			runOnlyForDeploymentPostprocessing = 0;
		};
/* End PBXSourcesBuildPhase section */

/* Begin PBXTargetDependency section */
		C7670EFC2995460900E3CD77 /* PBXTargetDependency */ = {
			isa = PBXTargetDependency;
			target = C7670EE32995460800E3CD77 /* RunningCrew */;
			targetProxy = C7670EFB2995460900E3CD77 /* PBXContainerItemProxy */;
		};
		C7670F062995460900E3CD77 /* PBXTargetDependency */ = {
			isa = PBXTargetDependency;
			target = C7670EE32995460800E3CD77 /* RunningCrew */;
			targetProxy = C7670F052995460900E3CD77 /* PBXContainerItemProxy */;
		};
/* End PBXTargetDependency section */

/* Begin XCBuildConfiguration section */
		C7670F0C2995460900E3CD77 /* Debug */ = {
			isa = XCBuildConfiguration;
			buildSettings = {
				ALWAYS_SEARCH_USER_PATHS = NO;
				CLANG_ANALYZER_NONNULL = YES;
				CLANG_ANALYZER_NUMBER_OBJECT_CONVERSION = YES_AGGRESSIVE;
				CLANG_CXX_LANGUAGE_STANDARD = "gnu++20";
				CLANG_ENABLE_MODULES = YES;
				CLANG_ENABLE_OBJC_ARC = YES;
				CLANG_ENABLE_OBJC_WEAK = YES;
				CLANG_WARN_BLOCK_CAPTURE_AUTORELEASING = YES;
				CLANG_WARN_BOOL_CONVERSION = YES;
				CLANG_WARN_COMMA = YES;
				CLANG_WARN_CONSTANT_CONVERSION = YES;
				CLANG_WARN_DEPRECATED_OBJC_IMPLEMENTATIONS = YES;
				CLANG_WARN_DIRECT_OBJC_ISA_USAGE = YES_ERROR;
				CLANG_WARN_DOCUMENTATION_COMMENTS = YES;
				CLANG_WARN_EMPTY_BODY = YES;
				CLANG_WARN_ENUM_CONVERSION = YES;
				CLANG_WARN_INFINITE_RECURSION = YES;
				CLANG_WARN_INT_CONVERSION = YES;
				CLANG_WARN_NON_LITERAL_NULL_CONVERSION = YES;
				CLANG_WARN_OBJC_IMPLICIT_RETAIN_SELF = YES;
				CLANG_WARN_OBJC_LITERAL_CONVERSION = YES;
				CLANG_WARN_OBJC_ROOT_CLASS = YES_ERROR;
				CLANG_WARN_QUOTED_INCLUDE_IN_FRAMEWORK_HEADER = YES;
				CLANG_WARN_RANGE_LOOP_ANALYSIS = YES;
				CLANG_WARN_STRICT_PROTOTYPES = YES;
				CLANG_WARN_SUSPICIOUS_MOVE = YES;
				CLANG_WARN_UNGUARDED_AVAILABILITY = YES_AGGRESSIVE;
				CLANG_WARN_UNREACHABLE_CODE = YES;
				CLANG_WARN__DUPLICATE_METHOD_MATCH = YES;
				COPY_PHASE_STRIP = NO;
				DEBUG_INFORMATION_FORMAT = dwarf;
				ENABLE_STRICT_OBJC_MSGSEND = YES;
				ENABLE_TESTABILITY = YES;
				GCC_C_LANGUAGE_STANDARD = gnu11;
				GCC_DYNAMIC_NO_PIC = NO;
				GCC_NO_COMMON_BLOCKS = YES;
				GCC_OPTIMIZATION_LEVEL = 0;
				GCC_PREPROCESSOR_DEFINITIONS = (
					"DEBUG=1",
					"$(inherited)",
				);
				GCC_WARN_64_TO_32_BIT_CONVERSION = YES;
				GCC_WARN_ABOUT_RETURN_TYPE = YES_ERROR;
				GCC_WARN_UNDECLARED_SELECTOR = YES;
				GCC_WARN_UNINITIALIZED_AUTOS = YES_AGGRESSIVE;
				GCC_WARN_UNUSED_FUNCTION = YES;
				GCC_WARN_UNUSED_VARIABLE = YES;
				IPHONEOS_DEPLOYMENT_TARGET = 15.0;
				MTL_ENABLE_DEBUG_INFO = INCLUDE_SOURCE;
				MTL_FAST_MATH = YES;
				ONLY_ACTIVE_ARCH = YES;
				SDKROOT = iphoneos;
				SWIFT_ACTIVE_COMPILATION_CONDITIONS = DEBUG;
				SWIFT_OPTIMIZATION_LEVEL = "-Onone";
			};
			name = Debug;
		};
		C7670F0D2995460900E3CD77 /* Release */ = {
			isa = XCBuildConfiguration;
			buildSettings = {
				ALWAYS_SEARCH_USER_PATHS = NO;
				CLANG_ANALYZER_NONNULL = YES;
				CLANG_ANALYZER_NUMBER_OBJECT_CONVERSION = YES_AGGRESSIVE;
				CLANG_CXX_LANGUAGE_STANDARD = "gnu++20";
				CLANG_ENABLE_MODULES = YES;
				CLANG_ENABLE_OBJC_ARC = YES;
				CLANG_ENABLE_OBJC_WEAK = YES;
				CLANG_WARN_BLOCK_CAPTURE_AUTORELEASING = YES;
				CLANG_WARN_BOOL_CONVERSION = YES;
				CLANG_WARN_COMMA = YES;
				CLANG_WARN_CONSTANT_CONVERSION = YES;
				CLANG_WARN_DEPRECATED_OBJC_IMPLEMENTATIONS = YES;
				CLANG_WARN_DIRECT_OBJC_ISA_USAGE = YES_ERROR;
				CLANG_WARN_DOCUMENTATION_COMMENTS = YES;
				CLANG_WARN_EMPTY_BODY = YES;
				CLANG_WARN_ENUM_CONVERSION = YES;
				CLANG_WARN_INFINITE_RECURSION = YES;
				CLANG_WARN_INT_CONVERSION = YES;
				CLANG_WARN_NON_LITERAL_NULL_CONVERSION = YES;
				CLANG_WARN_OBJC_IMPLICIT_RETAIN_SELF = YES;
				CLANG_WARN_OBJC_LITERAL_CONVERSION = YES;
				CLANG_WARN_OBJC_ROOT_CLASS = YES_ERROR;
				CLANG_WARN_QUOTED_INCLUDE_IN_FRAMEWORK_HEADER = YES;
				CLANG_WARN_RANGE_LOOP_ANALYSIS = YES;
				CLANG_WARN_STRICT_PROTOTYPES = YES;
				CLANG_WARN_SUSPICIOUS_MOVE = YES;
				CLANG_WARN_UNGUARDED_AVAILABILITY = YES_AGGRESSIVE;
				CLANG_WARN_UNREACHABLE_CODE = YES;
				CLANG_WARN__DUPLICATE_METHOD_MATCH = YES;
				COPY_PHASE_STRIP = NO;
				DEBUG_INFORMATION_FORMAT = "dwarf-with-dsym";
				ENABLE_NS_ASSERTIONS = NO;
				ENABLE_STRICT_OBJC_MSGSEND = YES;
				GCC_C_LANGUAGE_STANDARD = gnu11;
				GCC_NO_COMMON_BLOCKS = YES;
				GCC_WARN_64_TO_32_BIT_CONVERSION = YES;
				GCC_WARN_ABOUT_RETURN_TYPE = YES_ERROR;
				GCC_WARN_UNDECLARED_SELECTOR = YES;
				GCC_WARN_UNINITIALIZED_AUTOS = YES_AGGRESSIVE;
				GCC_WARN_UNUSED_FUNCTION = YES;
				GCC_WARN_UNUSED_VARIABLE = YES;
				IPHONEOS_DEPLOYMENT_TARGET = 15.0;
				MTL_ENABLE_DEBUG_INFO = NO;
				MTL_FAST_MATH = YES;
				SDKROOT = iphoneos;
				SWIFT_COMPILATION_MODE = wholemodule;
				SWIFT_OPTIMIZATION_LEVEL = "-O";
				VALIDATE_PRODUCT = YES;
			};
			name = Release;
		};
		C7670F0F2995460900E3CD77 /* Debug */ = {
			isa = XCBuildConfiguration;
			baseConfigurationReference = 7D992A5C10CA9AF1EAAE9D5A /* Pods-RunningCrew.debug.xcconfig */;
			buildSettings = {
				ASSETCATALOG_COMPILER_APPICON_NAME = AppIcon;
				ASSETCATALOG_COMPILER_GLOBAL_ACCENT_COLOR_NAME = AccentColor;
				CLANG_ENABLE_MODULES = YES;
				CODE_SIGN_STYLE = Automatic;
				CURRENT_PROJECT_VERSION = 1;
				DEVELOPMENT_TEAM = 7HDHR2SNR7;
				GENERATE_INFOPLIST_FILE = YES;
				INFOPLIST_FILE = RunningCrew/Resources/Info.plist;
				INFOPLIST_KEY_NSCameraUsageDescription = "사진을 촬영하여 게시물에 사진을 첨부하는 기능 사용을 위해 카메라에 접근하도록 허용합니다.";
				INFOPLIST_KEY_NSLocationAlwaysUsageDescription = "사용자의 위치를 받습니다.";
				INFOPLIST_KEY_NSLocationWhenInUseUsageDescription = "사용자의 위치를 받습니다.";
				INFOPLIST_KEY_NSPhotoLibraryUsageDescription = "사진을 촬영하여 게시물에 사진을 첨부하는 기능 사용을 위해 사진 라이브러리에 접근하도록 허용합니다.";
				INFOPLIST_KEY_UIApplicationSupportsIndirectInputEvents = YES;
				INFOPLIST_KEY_UILaunchStoryboardName = LaunchScreen;
				INFOPLIST_KEY_UIMainStoryboardFile = "";
				INFOPLIST_KEY_UISupportedInterfaceOrientations_iPad = "UIInterfaceOrientationPortrait UIInterfaceOrientationPortraitUpsideDown UIInterfaceOrientationLandscapeLeft UIInterfaceOrientationLandscapeRight";
				INFOPLIST_KEY_UISupportedInterfaceOrientations_iPhone = "UIInterfaceOrientationPortrait UIInterfaceOrientationLandscapeLeft UIInterfaceOrientationLandscapeRight";
				IPHONEOS_DEPLOYMENT_TARGET = 15.0;
				LD_RUNPATH_SEARCH_PATHS = (
					"$(inherited)",
					"@executable_path/Frameworks",
				);
				MARKETING_VERSION = 1.0;
				PRODUCT_BUNDLE_IDENTIFIER = com.tekim.RunningCrew;
				PRODUCT_NAME = "$(TARGET_NAME)";
				SWIFT_EMIT_LOC_STRINGS = YES;
				SWIFT_OPTIMIZATION_LEVEL = "-Onone";
				SWIFT_VERSION = 5.0;
				TARGETED_DEVICE_FAMILY = "1,2";
			};
			name = Debug;
		};
		C7670F102995460900E3CD77 /* Release */ = {
			isa = XCBuildConfiguration;
			baseConfigurationReference = C8E83F46D38D17331033544B /* Pods-RunningCrew.release.xcconfig */;
			buildSettings = {
				ASSETCATALOG_COMPILER_APPICON_NAME = AppIcon;
				ASSETCATALOG_COMPILER_GLOBAL_ACCENT_COLOR_NAME = AccentColor;
				CLANG_ENABLE_MODULES = YES;
				CODE_SIGN_STYLE = Automatic;
				CURRENT_PROJECT_VERSION = 1;
				DEVELOPMENT_TEAM = 7HDHR2SNR7;
				GENERATE_INFOPLIST_FILE = YES;
				INFOPLIST_FILE = RunningCrew/Resources/Info.plist;
				INFOPLIST_KEY_NSCameraUsageDescription = "사진을 촬영하여 게시물에 사진을 첨부하는 기능 사용을 위해 카메라에 접근하도록 허용합니다.";
				INFOPLIST_KEY_NSLocationAlwaysUsageDescription = "사용자의 위치를 받습니다.";
				INFOPLIST_KEY_NSLocationWhenInUseUsageDescription = "사용자의 위치를 받습니다.";
				INFOPLIST_KEY_NSPhotoLibraryUsageDescription = "사진을 촬영하여 게시물에 사진을 첨부하는 기능 사용을 위해 사진 라이브러리에 접근하도록 허용합니다.";
				INFOPLIST_KEY_UIApplicationSupportsIndirectInputEvents = YES;
				INFOPLIST_KEY_UILaunchStoryboardName = LaunchScreen;
				INFOPLIST_KEY_UIMainStoryboardFile = "";
				INFOPLIST_KEY_UISupportedInterfaceOrientations_iPad = "UIInterfaceOrientationPortrait UIInterfaceOrientationPortraitUpsideDown UIInterfaceOrientationLandscapeLeft UIInterfaceOrientationLandscapeRight";
				INFOPLIST_KEY_UISupportedInterfaceOrientations_iPhone = "UIInterfaceOrientationPortrait UIInterfaceOrientationLandscapeLeft UIInterfaceOrientationLandscapeRight";
				IPHONEOS_DEPLOYMENT_TARGET = 15.0;
				LD_RUNPATH_SEARCH_PATHS = (
					"$(inherited)",
					"@executable_path/Frameworks",
				);
				MARKETING_VERSION = 1.0;
				PRODUCT_BUNDLE_IDENTIFIER = com.tekim.RunningCrew;
				PRODUCT_NAME = "$(TARGET_NAME)";
				SWIFT_EMIT_LOC_STRINGS = YES;
				SWIFT_VERSION = 5.0;
				TARGETED_DEVICE_FAMILY = "1,2";
			};
			name = Release;
		};
		C7670F122995460900E3CD77 /* Debug */ = {
			isa = XCBuildConfiguration;
			baseConfigurationReference = 444E77919FDC0F8D936ECE3D /* Pods-RunningCrewTests.debug.xcconfig */;
			buildSettings = {
				ALWAYS_EMBED_SWIFT_STANDARD_LIBRARIES = YES;
				BUNDLE_LOADER = "$(TEST_HOST)";
				CODE_SIGN_STYLE = Automatic;
				CURRENT_PROJECT_VERSION = 1;
				DEVELOPMENT_TEAM = FQ63CT4A3G;
				GENERATE_INFOPLIST_FILE = YES;
				IPHONEOS_DEPLOYMENT_TARGET = 16.2;
				MARKETING_VERSION = 1.0;
				PRODUCT_BUNDLE_IDENTIFIER = com.tekim.RunningCrewTests;
				PRODUCT_NAME = "$(TARGET_NAME)";
				SWIFT_EMIT_LOC_STRINGS = NO;
				SWIFT_VERSION = 5.0;
				TARGETED_DEVICE_FAMILY = "1,2";
				TEST_HOST = "$(BUILT_PRODUCTS_DIR)/RunningCrew.app/$(BUNDLE_EXECUTABLE_FOLDER_PATH)/RunningCrew";
			};
			name = Debug;
		};
		C7670F132995460900E3CD77 /* Release */ = {
			isa = XCBuildConfiguration;
			baseConfigurationReference = D0BCB0478C25AB8849DDAF93 /* Pods-RunningCrewTests.release.xcconfig */;
			buildSettings = {
				ALWAYS_EMBED_SWIFT_STANDARD_LIBRARIES = YES;
				BUNDLE_LOADER = "$(TEST_HOST)";
				CODE_SIGN_STYLE = Automatic;
				CURRENT_PROJECT_VERSION = 1;
				DEVELOPMENT_TEAM = FQ63CT4A3G;
				GENERATE_INFOPLIST_FILE = YES;
				IPHONEOS_DEPLOYMENT_TARGET = 16.2;
				MARKETING_VERSION = 1.0;
				PRODUCT_BUNDLE_IDENTIFIER = com.tekim.RunningCrewTests;
				PRODUCT_NAME = "$(TARGET_NAME)";
				SWIFT_EMIT_LOC_STRINGS = NO;
				SWIFT_VERSION = 5.0;
				TARGETED_DEVICE_FAMILY = "1,2";
				TEST_HOST = "$(BUILT_PRODUCTS_DIR)/RunningCrew.app/$(BUNDLE_EXECUTABLE_FOLDER_PATH)/RunningCrew";
			};
			name = Release;
		};
		C7670F152995460900E3CD77 /* Debug */ = {
			isa = XCBuildConfiguration;
			baseConfigurationReference = C4430C2AE358A87631BAC200 /* Pods-RunningCrew-RunningCrewUITests.debug.xcconfig */;
			buildSettings = {
				ALWAYS_EMBED_SWIFT_STANDARD_LIBRARIES = YES;
				CODE_SIGN_STYLE = Automatic;
				CURRENT_PROJECT_VERSION = 1;
				DEVELOPMENT_TEAM = FQ63CT4A3G;
				GENERATE_INFOPLIST_FILE = YES;
				MARKETING_VERSION = 1.0;
				PRODUCT_BUNDLE_IDENTIFIER = com.tekim.RunningCrewUITests;
				PRODUCT_NAME = "$(TARGET_NAME)";
				SWIFT_EMIT_LOC_STRINGS = NO;
				SWIFT_VERSION = 5.0;
				TARGETED_DEVICE_FAMILY = "1,2";
				TEST_TARGET_NAME = RunningCrew;
			};
			name = Debug;
		};
		C7670F162995460900E3CD77 /* Release */ = {
			isa = XCBuildConfiguration;
			baseConfigurationReference = 03C919EEFAB1F2E8071FD34F /* Pods-RunningCrew-RunningCrewUITests.release.xcconfig */;
			buildSettings = {
				ALWAYS_EMBED_SWIFT_STANDARD_LIBRARIES = YES;
				CODE_SIGN_STYLE = Automatic;
				CURRENT_PROJECT_VERSION = 1;
				DEVELOPMENT_TEAM = FQ63CT4A3G;
				GENERATE_INFOPLIST_FILE = YES;
				MARKETING_VERSION = 1.0;
				PRODUCT_BUNDLE_IDENTIFIER = com.tekim.RunningCrewUITests;
				PRODUCT_NAME = "$(TARGET_NAME)";
				SWIFT_EMIT_LOC_STRINGS = NO;
				SWIFT_VERSION = 5.0;
				TARGETED_DEVICE_FAMILY = "1,2";
				TEST_TARGET_NAME = RunningCrew;
			};
			name = Release;
		};
/* End XCBuildConfiguration section */

/* Begin XCConfigurationList section */
		C7670EDF2995460800E3CD77 /* Build configuration list for PBXProject "RunningCrew" */ = {
			isa = XCConfigurationList;
			buildConfigurations = (
				C7670F0C2995460900E3CD77 /* Debug */,
				C7670F0D2995460900E3CD77 /* Release */,
			);
			defaultConfigurationIsVisible = 0;
			defaultConfigurationName = Release;
		};
		C7670F0E2995460900E3CD77 /* Build configuration list for PBXNativeTarget "RunningCrew" */ = {
			isa = XCConfigurationList;
			buildConfigurations = (
				C7670F0F2995460900E3CD77 /* Debug */,
				C7670F102995460900E3CD77 /* Release */,
			);
			defaultConfigurationIsVisible = 0;
			defaultConfigurationName = Release;
		};
		C7670F112995460900E3CD77 /* Build configuration list for PBXNativeTarget "RunningCrewTests" */ = {
			isa = XCConfigurationList;
			buildConfigurations = (
				C7670F122995460900E3CD77 /* Debug */,
				C7670F132995460900E3CD77 /* Release */,
			);
			defaultConfigurationIsVisible = 0;
			defaultConfigurationName = Release;
		};
		C7670F142995460900E3CD77 /* Build configuration list for PBXNativeTarget "RunningCrewUITests" */ = {
			isa = XCConfigurationList;
			buildConfigurations = (
				C7670F152995460900E3CD77 /* Debug */,
				C7670F162995460900E3CD77 /* Release */,
			);
			defaultConfigurationIsVisible = 0;
			defaultConfigurationName = Release;
		};
/* End XCConfigurationList section */
	};
	rootObject = C7670EDC2995460800E3CD77 /* Project object */;
}
